// !$*UTF8*$!
{
	archiveVersion = 1;
	classes = {
	};
	objectVersion = 56;
	objects = {

/* Begin PBXBuildFile section */
		F6BC86DF2BEFE69300C8070D /* AppDelegate.swift in Sources */ = {isa = PBXBuildFile; fileRef = F6BC86DE2BEFE69300C8070D /* AppDelegate.swift */; };
		F6BC86E12BEFE69300C8070D /* SceneDelegate.swift in Sources */ = {isa = PBXBuildFile; fileRef = F6BC86E02BEFE69300C8070D /* SceneDelegate.swift */; };
		F6BC86E32BEFE69300C8070D /* ViewController.swift in Sources */ = {isa = PBXBuildFile; fileRef = F6BC86E22BEFE69300C8070D /* ViewController.swift */; };
		F6BC86E62BEFE69300C8070D /* Base in Resources */ = {isa = PBXBuildFile; fileRef = F6BC86E52BEFE69300C8070D /* Base */; };
		F6BC86E82BEFE69500C8070D /* Assets.xcassets in Resources */ = {isa = PBXBuildFile; fileRef = F6BC86E72BEFE69500C8070D /* Assets.xcassets */; };
		F6BC86EB2BEFE69500C8070D /* Base in Resources */ = {isa = PBXBuildFile; fileRef = F6BC86EA2BEFE69500C8070D /* Base */; };
		F6BC86F62BEFE69500C8070D /* MusihovenSumUpAppTests.swift in Sources */ = {isa = PBXBuildFile; fileRef = F6BC86F52BEFE69500C8070D /* MusihovenSumUpAppTests.swift */; };
		F6BC87002BEFE69500C8070D /* MusihovenSumUpAppUITests.swift in Sources */ = {isa = PBXBuildFile; fileRef = F6BC86FF2BEFE69500C8070D /* MusihovenSumUpAppUITests.swift */; };
		F6BC87022BEFE69500C8070D /* MusihovenSumUpAppUITestsLaunchTests.swift in Sources */ = {isa = PBXBuildFile; fileRef = F6BC87012BEFE69500C8070D /* MusihovenSumUpAppUITestsLaunchTests.swift */; };
/* End PBXBuildFile section */

/* Begin PBXContainerItemProxy section */
		F6BC86F22BEFE69500C8070D /* PBXContainerItemProxy */ = {
			isa = PBXContainerItemProxy;
			containerPortal = F6BC86D32BEFE69300C8070D /* Project object */;
			proxyType = 1;
			remoteGlobalIDString = F6BC86DA2BEFE69300C8070D;
			remoteInfo = MusihovenSumUpApp;
		};
		F6BC86FC2BEFE69500C8070D /* PBXContainerItemProxy */ = {
			isa = PBXContainerItemProxy;
			containerPortal = F6BC86D32BEFE69300C8070D /* Project object */;
			proxyType = 1;
			remoteGlobalIDString = F6BC86DA2BEFE69300C8070D;
			remoteInfo = MusihovenSumUpApp;
		};
/* End PBXContainerItemProxy section */

/* Begin PBXFileReference section */
		F6BC86DB2BEFE69300C8070D /* MusihovenSumUpApp.app */ = {isa = PBXFileReference; explicitFileType = wrapper.application; includeInIndex = 0; path = MusihovenSumUpApp.app; sourceTree = BUILT_PRODUCTS_DIR; };
		F6BC86DE2BEFE69300C8070D /* AppDelegate.swift */ = {isa = PBXFileReference; lastKnownFileType = sourcecode.swift; path = AppDelegate.swift; sourceTree = "<group>"; };
		F6BC86E02BEFE69300C8070D /* SceneDelegate.swift */ = {isa = PBXFileReference; lastKnownFileType = sourcecode.swift; path = SceneDelegate.swift; sourceTree = "<group>"; };
		F6BC86E22BEFE69300C8070D /* ViewController.swift */ = {isa = PBXFileReference; lastKnownFileType = sourcecode.swift; path = ViewController.swift; sourceTree = "<group>"; };
		F6BC86E52BEFE69300C8070D /* Base */ = {isa = PBXFileReference; lastKnownFileType = file.storyboard; name = Base; path = Base.lproj/Main.storyboard; sourceTree = "<group>"; };
		F6BC86E72BEFE69500C8070D /* Assets.xcassets */ = {isa = PBXFileReference; lastKnownFileType = folder.assetcatalog; path = Assets.xcassets; sourceTree = "<group>"; };
		F6BC86EA2BEFE69500C8070D /* Base */ = {isa = PBXFileReference; lastKnownFileType = file.storyboard; name = Base; path = Base.lproj/LaunchScreen.storyboard; sourceTree = "<group>"; };
		F6BC86EC2BEFE69500C8070D /* Info.plist */ = {isa = PBXFileReference; lastKnownFileType = text.plist.xml; path = Info.plist; sourceTree = "<group>"; };
		F6BC86F12BEFE69500C8070D /* MusihovenSumUpAppTests.xctest */ = {isa = PBXFileReference; explicitFileType = wrapper.cfbundle; includeInIndex = 0; path = MusihovenSumUpAppTests.xctest; sourceTree = BUILT_PRODUCTS_DIR; };
		F6BC86F52BEFE69500C8070D /* MusihovenSumUpAppTests.swift */ = {isa = PBXFileReference; lastKnownFileType = sourcecode.swift; path = MusihovenSumUpAppTests.swift; sourceTree = "<group>"; };
		F6BC86FB2BEFE69500C8070D /* MusihovenSumUpAppUITests.xctest */ = {isa = PBXFileReference; explicitFileType = wrapper.cfbundle; includeInIndex = 0; path = MusihovenSumUpAppUITests.xctest; sourceTree = BUILT_PRODUCTS_DIR; };
		F6BC86FF2BEFE69500C8070D /* MusihovenSumUpAppUITests.swift */ = {isa = PBXFileReference; lastKnownFileType = sourcecode.swift; path = MusihovenSumUpAppUITests.swift; sourceTree = "<group>"; };
		F6BC87012BEFE69500C8070D /* MusihovenSumUpAppUITestsLaunchTests.swift */ = {isa = PBXFileReference; lastKnownFileType = sourcecode.swift; path = MusihovenSumUpAppUITestsLaunchTests.swift; sourceTree = "<group>"; };
/* End PBXFileReference section */

/* Begin PBXFrameworksBuildPhase section */
		F6BC86D82BEFE69300C8070D /* Frameworks */ = {
			isa = PBXFrameworksBuildPhase;
			buildActionMask = 2147483647;
			files = (
			);
			runOnlyForDeploymentPostprocessing = 0;
		};
		F6BC86EE2BEFE69500C8070D /* Frameworks */ = {
			isa = PBXFrameworksBuildPhase;
			buildActionMask = 2147483647;
			files = (
			);
			runOnlyForDeploymentPostprocessing = 0;
		};
		F6BC86F82BEFE69500C8070D /* Frameworks */ = {
			isa = PBXFrameworksBuildPhase;
			buildActionMask = 2147483647;
			files = (
			);
			runOnlyForDeploymentPostprocessing = 0;
		};
/* End PBXFrameworksBuildPhase section */

/* Begin PBXGroup section */
		F6BC86D22BEFE69300C8070D = {
			isa = PBXGroup;
			children = (
				F6BC86DD2BEFE69300C8070D /* MusihovenSumUpApp */,
				F6BC86F42BEFE69500C8070D /* MusihovenSumUpAppTests */,
				F6BC86FE2BEFE69500C8070D /* MusihovenSumUpAppUITests */,
				F6BC86DC2BEFE69300C8070D /* Products */,
			);
			sourceTree = "<group>";
		};
		F6BC86DC2BEFE69300C8070D /* Products */ = {
			isa = PBXGroup;
			children = (
				F6BC86DB2BEFE69300C8070D /* MusihovenSumUpApp.app */,
				F6BC86F12BEFE69500C8070D /* MusihovenSumUpAppTests.xctest */,
				F6BC86FB2BEFE69500C8070D /* MusihovenSumUpAppUITests.xctest */,
			);
			name = Products;
			sourceTree = "<group>";
		};
		F6BC86DD2BEFE69300C8070D /* MusihovenSumUpApp */ = {
			isa = PBXGroup;
			children = (
				F6BC86DE2BEFE69300C8070D /* AppDelegate.swift */,
				F6BC86E02BEFE69300C8070D /* SceneDelegate.swift */,
				F6BC86E22BEFE69300C8070D /* ViewController.swift */,
				F6BC86E42BEFE69300C8070D /* Main.storyboard */,
				F6BC86E72BEFE69500C8070D /* Assets.xcassets */,
				F6BC86E92BEFE69500C8070D /* LaunchScreen.storyboard */,
				F6BC86EC2BEFE69500C8070D /* Info.plist */,
			);
			path = MusihovenSumUpApp;
			sourceTree = "<group>";
		};
		F6BC86F42BEFE69500C8070D /* MusihovenSumUpAppTests */ = {
			isa = PBXGroup;
			children = (
				F6BC86F52BEFE69500C8070D /* MusihovenSumUpAppTests.swift */,
			);
			path = MusihovenSumUpAppTests;
			sourceTree = "<group>";
		};
		F6BC86FE2BEFE69500C8070D /* MusihovenSumUpAppUITests */ = {
			isa = PBXGroup;
			children = (
				F6BC86FF2BEFE69500C8070D /* MusihovenSumUpAppUITests.swift */,
				F6BC87012BEFE69500C8070D /* MusihovenSumUpAppUITestsLaunchTests.swift */,
			);
			path = MusihovenSumUpAppUITests;
			sourceTree = "<group>";
		};
/* End PBXGroup section */

/* Begin PBXNativeTarget section */
		F6BC86DA2BEFE69300C8070D /* MusihovenSumUpApp */ = {
			isa = PBXNativeTarget;
			buildConfigurationList = F6BC87052BEFE69500C8070D /* Build configuration list for PBXNativeTarget "MusihovenSumUpApp" */;
			buildPhases = (
				F6BC86D72BEFE69300C8070D /* Sources */,
				F6BC86D82BEFE69300C8070D /* Frameworks */,
				F6BC86D92BEFE69300C8070D /* Resources */,
			);
			buildRules = (
			);
			dependencies = (
			);
			name = MusihovenSumUpApp;
			productName = MusihovenSumUpApp;
			productReference = F6BC86DB2BEFE69300C8070D /* MusihovenSumUpApp.app */;
			productType = "com.apple.product-type.application";
		};
		F6BC86F02BEFE69500C8070D /* MusihovenSumUpAppTests */ = {
			isa = PBXNativeTarget;
			buildConfigurationList = F6BC87082BEFE69500C8070D /* Build configuration list for PBXNativeTarget "MusihovenSumUpAppTests" */;
			buildPhases = (
				F6BC86ED2BEFE69500C8070D /* Sources */,
				F6BC86EE2BEFE69500C8070D /* Frameworks */,
				F6BC86EF2BEFE69500C8070D /* Resources */,
			);
			buildRules = (
			);
			dependencies = (
				F6BC86F32BEFE69500C8070D /* PBXTargetDependency */,
			);
			name = MusihovenSumUpAppTests;
			productName = MusihovenSumUpAppTests;
			productReference = F6BC86F12BEFE69500C8070D /* MusihovenSumUpAppTests.xctest */;
			productType = "com.apple.product-type.bundle.unit-test";
		};
		F6BC86FA2BEFE69500C8070D /* MusihovenSumUpAppUITests */ = {
			isa = PBXNativeTarget;
			buildConfigurationList = F6BC870B2BEFE69500C8070D /* Build configuration list for PBXNativeTarget "MusihovenSumUpAppUITests" */;
			buildPhases = (
				F6BC86F72BEFE69500C8070D /* Sources */,
				F6BC86F82BEFE69500C8070D /* Frameworks */,
				F6BC86F92BEFE69500C8070D /* Resources */,
			);
			buildRules = (
			);
			dependencies = (
				F6BC86FD2BEFE69500C8070D /* PBXTargetDependency */,
			);
			name = MusihovenSumUpAppUITests;
			productName = MusihovenSumUpAppUITests;
			productReference = F6BC86FB2BEFE69500C8070D /* MusihovenSumUpAppUITests.xctest */;
			productType = "com.apple.product-type.bundle.ui-testing";
		};
/* End PBXNativeTarget section */

/* Begin PBXProject section */
		F6BC86D32BEFE69300C8070D /* Project object */ = {
			isa = PBXProject;
			attributes = {
				BuildIndependentTargetsInParallel = 1;
				LastSwiftUpdateCheck = 1530;
				LastUpgradeCheck = 1530;
				TargetAttributes = {
					F6BC86DA2BEFE69300C8070D = {
						CreatedOnToolsVersion = 15.3;
					};
					F6BC86F02BEFE69500C8070D = {
						CreatedOnToolsVersion = 15.3;
						TestTargetID = F6BC86DA2BEFE69300C8070D;
					};
					F6BC86FA2BEFE69500C8070D = {
						CreatedOnToolsVersion = 15.3;
						TestTargetID = F6BC86DA2BEFE69300C8070D;
					};
				};
			};
			buildConfigurationList = F6BC86D62BEFE69300C8070D /* Build configuration list for PBXProject "MusihovenSumUpApp" */;
			compatibilityVersion = "Xcode 14.0";
			developmentRegion = en;
			hasScannedForEncodings = 0;
			knownRegions = (
				en,
				Base,
			);
			mainGroup = F6BC86D22BEFE69300C8070D;
			productRefGroup = F6BC86DC2BEFE69300C8070D /* Products */;
			projectDirPath = "";
			projectRoot = "";
			targets = (
				F6BC86DA2BEFE69300C8070D /* MusihovenSumUpApp */,
				F6BC86F02BEFE69500C8070D /* MusihovenSumUpAppTests */,
				F6BC86FA2BEFE69500C8070D /* MusihovenSumUpAppUITests */,
			);
		};
/* End PBXProject section */

/* Begin PBXResourcesBuildPhase section */
		F6BC86D92BEFE69300C8070D /* Resources */ = {
			isa = PBXResourcesBuildPhase;
			buildActionMask = 2147483647;
			files = (
				F6BC86E82BEFE69500C8070D /* Assets.xcassets in Resources */,
				F6BC86EB2BEFE69500C8070D /* Base in Resources */,
				F6BC86E62BEFE69300C8070D /* Base in Resources */,
			);
			runOnlyForDeploymentPostprocessing = 0;
		};
		F6BC86EF2BEFE69500C8070D /* Resources */ = {
			isa = PBXResourcesBuildPhase;
			buildActionMask = 2147483647;
			files = (
			);
			runOnlyForDeploymentPostprocessing = 0;
		};
		F6BC86F92BEFE69500C8070D /* Resources */ = {
			isa = PBXResourcesBuildPhase;
			buildActionMask = 2147483647;
			files = (
			);
			runOnlyForDeploymentPostprocessing = 0;
		};
/* End PBXResourcesBuildPhase section */

/* Begin PBXSourcesBuildPhase section */
		F6BC86D72BEFE69300C8070D /* Sources */ = {
			isa = PBXSourcesBuildPhase;
			buildActionMask = 2147483647;
			files = (
				F6BC86E32BEFE69300C8070D /* ViewController.swift in Sources */,
				F6BC86DF2BEFE69300C8070D /* AppDelegate.swift in Sources */,
				F6BC86E12BEFE69300C8070D /* SceneDelegate.swift in Sources */,
			);
			runOnlyForDeploymentPostprocessing = 0;
		};
		F6BC86ED2BEFE69500C8070D /* Sources */ = {
			isa = PBXSourcesBuildPhase;
			buildActionMask = 2147483647;
			files = (
				F6BC86F62BEFE69500C8070D /* MusihovenSumUpAppTests.swift in Sources */,
			);
			runOnlyForDeploymentPostprocessing = 0;
		};
		F6BC86F72BEFE69500C8070D /* Sources */ = {
			isa = PBXSourcesBuildPhase;
			buildActionMask = 2147483647;
			files = (
				F6BC87022BEFE69500C8070D /* MusihovenSumUpAppUITestsLaunchTests.swift in Sources */,
				F6BC87002BEFE69500C8070D /* MusihovenSumUpAppUITests.swift in Sources */,
			);
			runOnlyForDeploymentPostprocessing = 0;
		};
/* End PBXSourcesBuildPhase section */

/* Begin PBXTargetDependency section */
		F6BC86F32BEFE69500C8070D /* PBXTargetDependency */ = {
			isa = PBXTargetDependency;
			target = F6BC86DA2BEFE69300C8070D /* MusihovenSumUpApp */;
			targetProxy = F6BC86F22BEFE69500C8070D /* PBXContainerItemProxy */;
		};
		F6BC86FD2BEFE69500C8070D /* PBXTargetDependency */ = {
			isa = PBXTargetDependency;
			target = F6BC86DA2BEFE69300C8070D /* MusihovenSumUpApp */;
			targetProxy = F6BC86FC2BEFE69500C8070D /* PBXContainerItemProxy */;
		};
/* End PBXTargetDependency section */

/* Begin PBXVariantGroup section */
		F6BC86E42BEFE69300C8070D /* Main.storyboard */ = {
			isa = PBXVariantGroup;
			children = (
				F6BC86E52BEFE69300C8070D /* Base */,
			);
			name = Main.storyboard;
			sourceTree = "<group>";
		};
		F6BC86E92BEFE69500C8070D /* LaunchScreen.storyboard */ = {
			isa = PBXVariantGroup;
			children = (
				F6BC86EA2BEFE69500C8070D /* Base */,
			);
			name = LaunchScreen.storyboard;
			sourceTree = "<group>";
		};
/* End PBXVariantGroup section */

/* Begin XCBuildConfiguration section */
		F6BC87032BEFE69500C8070D /* Debug */ = {
			isa = XCBuildConfiguration;
			buildSettings = {
				ALWAYS_SEARCH_USER_PATHS = NO;
				ASSETCATALOG_COMPILER_GENERATE_SWIFT_ASSET_SYMBOL_EXTENSIONS = YES;
				CLANG_ANALYZER_NONNULL = YES;
				CLANG_ANALYZER_NUMBER_OBJECT_CONVERSION = YES_AGGRESSIVE;
				CLANG_CXX_LANGUAGE_STANDARD = "gnu++20";
				CLANG_ENABLE_MODULES = YES;
				CLANG_ENABLE_OBJC_ARC = YES;
				CLANG_ENABLE_OBJC_WEAK = YES;
				CLANG_WARN_BLOCK_CAPTURE_AUTORELEASING = YES;
				CLANG_WARN_BOOL_CONVERSION = YES;
				CLANG_WARN_COMMA = YES;
				CLANG_WARN_CONSTANT_CONVERSION = YES;
				CLANG_WARN_DEPRECATED_OBJC_IMPLEMENTATIONS = YES;
				CLANG_WARN_DIRECT_OBJC_ISA_USAGE = YES_ERROR;
				CLANG_WARN_DOCUMENTATION_COMMENTS = YES;
				CLANG_WARN_EMPTY_BODY = YES;
				CLANG_WARN_ENUM_CONVERSION = YES;
				CLANG_WARN_INFINITE_RECURSION = YES;
				CLANG_WARN_INT_CONVERSION = YES;
				CLANG_WARN_NON_LITERAL_NULL_CONVERSION = YES;
				CLANG_WARN_OBJC_IMPLICIT_RETAIN_SELF = YES;
				CLANG_WARN_OBJC_LITERAL_CONVERSION = YES;
				CLANG_WARN_OBJC_ROOT_CLASS = YES_ERROR;
				CLANG_WARN_QUOTED_INCLUDE_IN_FRAMEWORK_HEADER = YES;
				CLANG_WARN_RANGE_LOOP_ANALYSIS = YES;
				CLANG_WARN_STRICT_PROTOTYPES = YES;
				CLANG_WARN_SUSPICIOUS_MOVE = YES;
				CLANG_WARN_UNGUARDED_AVAILABILITY = YES_AGGRESSIVE;
				CLANG_WARN_UNREACHABLE_CODE = YES;
				CLANG_WARN__DUPLICATE_METHOD_MATCH = YES;
				COPY_PHASE_STRIP = NO;
				DEBUG_INFORMATION_FORMAT = dwarf;
				ENABLE_STRICT_OBJC_MSGSEND = YES;
				ENABLE_TESTABILITY = YES;
				ENABLE_USER_SCRIPT_SANDBOXING = YES;
				GCC_C_LANGUAGE_STANDARD = gnu17;
				GCC_DYNAMIC_NO_PIC = NO;
				GCC_NO_COMMON_BLOCKS = YES;
				GCC_OPTIMIZATION_LEVEL = 0;
				GCC_PREPROCESSOR_DEFINITIONS = (
					"DEBUG=1",
					"$(inherited)",
				);
				GCC_WARN_64_TO_32_BIT_CONVERSION = YES;
				GCC_WARN_ABOUT_RETURN_TYPE = YES_ERROR;
				GCC_WARN_UNDECLARED_SELECTOR = YES;
				GCC_WARN_UNINITIALIZED_AUTOS = YES_AGGRESSIVE;
				GCC_WARN_UNUSED_FUNCTION = YES;
				GCC_WARN_UNUSED_VARIABLE = YES;
				IPHONEOS_DEPLOYMENT_TARGET = 17.4;
				LOCALIZATION_PREFERS_STRING_CATALOGS = YES;
				MTL_ENABLE_DEBUG_INFO = INCLUDE_SOURCE;
				MTL_FAST_MATH = YES;
				ONLY_ACTIVE_ARCH = YES;
				SDKROOT = iphoneos;
				SWIFT_ACTIVE_COMPILATION_CONDITIONS = "DEBUG $(inherited)";
				SWIFT_OPTIMIZATION_LEVEL = "-Onone";
			};
			name = Debug;
		};
		F6BC87042BEFE69500C8070D /* Release */ = {
			isa = XCBuildConfiguration;
			buildSettings = {
				ALWAYS_SEARCH_USER_PATHS = NO;
				ASSETCATALOG_COMPILER_GENERATE_SWIFT_ASSET_SYMBOL_EXTENSIONS = YES;
				CLANG_ANALYZER_NONNULL = YES;
				CLANG_ANALYZER_NUMBER_OBJECT_CONVERSION = YES_AGGRESSIVE;
				CLANG_CXX_LANGUAGE_STANDARD = "gnu++20";
				CLANG_ENABLE_MODULES = YES;
				CLANG_ENABLE_OBJC_ARC = YES;
				CLANG_ENABLE_OBJC_WEAK = YES;
				CLANG_WARN_BLOCK_CAPTURE_AUTORELEASING = YES;
				CLANG_WARN_BOOL_CONVERSION = YES;
				CLANG_WARN_COMMA = YES;
				CLANG_WARN_CONSTANT_CONVERSION = YES;
				CLANG_WARN_DEPRECATED_OBJC_IMPLEMENTATIONS = YES;
				CLANG_WARN_DIRECT_OBJC_ISA_USAGE = YES_ERROR;
				CLANG_WARN_DOCUMENTATION_COMMENTS = YES;
				CLANG_WARN_EMPTY_BODY = YES;
				CLANG_WARN_ENUM_CONVERSION = YES;
				CLANG_WARN_INFINITE_RECURSION = YES;
				CLANG_WARN_INT_CONVERSION = YES;
				CLANG_WARN_NON_LITERAL_NULL_CONVERSION = YES;
				CLANG_WARN_OBJC_IMPLICIT_RETAIN_SELF = YES;
				CLANG_WARN_OBJC_LITERAL_CONVERSION = YES;
				CLANG_WARN_OBJC_ROOT_CLASS = YES_ERROR;
				CLANG_WARN_QUOTED_INCLUDE_IN_FRAMEWORK_HEADER = YES;
				CLANG_WARN_RANGE_LOOP_ANALYSIS = YES;
				CLANG_WARN_STRICT_PROTOTYPES = YES;
				CLANG_WARN_SUSPICIOUS_MOVE = YES;
				CLANG_WARN_UNGUARDED_AVAILABILITY = YES_AGGRESSIVE;
				CLANG_WARN_UNREACHABLE_CODE = YES;
				CLANG_WARN__DUPLICATE_METHOD_MATCH = YES;
				COPY_PHASE_STRIP = NO;
				DEBUG_INFORMATION_FORMAT = "dwarf-with-dsym";
				ENABLE_NS_ASSERTIONS = NO;
				ENABLE_STRICT_OBJC_MSGSEND = YES;
				ENABLE_USER_SCRIPT_SANDBOXING = YES;
				GCC_C_LANGUAGE_STANDARD = gnu17;
				GCC_NO_COMMON_BLOCKS = YES;
				GCC_WARN_64_TO_32_BIT_CONVERSION = YES;
				GCC_WARN_ABOUT_RETURN_TYPE = YES_ERROR;
				GCC_WARN_UNDECLARED_SELECTOR = YES;
				GCC_WARN_UNINITIALIZED_AUTOS = YES_AGGRESSIVE;
				GCC_WARN_UNUSED_FUNCTION = YES;
				GCC_WARN_UNUSED_VARIABLE = YES;
				IPHONEOS_DEPLOYMENT_TARGET = 17.4;
				LOCALIZATION_PREFERS_STRING_CATALOGS = YES;
				MTL_ENABLE_DEBUG_INFO = NO;
				MTL_FAST_MATH = YES;
				SDKROOT = iphoneos;
				SWIFT_COMPILATION_MODE = wholemodule;
				VALIDATE_PRODUCT = YES;
			};
			name = Release;
		};
		F6BC87062BEFE69500C8070D /* Debug */ = {
			isa = XCBuildConfiguration;
			buildSettings = {
				ASSETCATALOG_COMPILER_APPICON_NAME = AppIcon;
				ASSETCATALOG_COMPILER_GLOBAL_ACCENT_COLOR_NAME = AccentColor;
				CODE_SIGN_STYLE = Automatic;
				CURRENT_PROJECT_VERSION = 1;
				DEVELOPMENT_TEAM = 783Q5D7Q7F;
				GENERATE_INFOPLIST_FILE = YES;
				INFOPLIST_FILE = MusihovenSumUpApp/Info.plist;
				INFOPLIST_KEY_UIApplicationSupportsIndirectInputEvents = YES;
				INFOPLIST_KEY_UILaunchStoryboardName = LaunchScreen;
				INFOPLIST_KEY_UIMainStoryboardFile = Main;
				INFOPLIST_KEY_UISupportedInterfaceOrientations_iPad = "UIInterfaceOrientationPortrait UIInterfaceOrientationPortraitUpsideDown UIInterfaceOrientationLandscapeLeft UIInterfaceOrientationLandscapeRight";
				INFOPLIST_KEY_UISupportedInterfaceOrientations_iPhone = "UIInterfaceOrientationPortrait UIInterfaceOrientationLandscapeLeft UIInterfaceOrientationLandscapeRight";
				LD_RUNPATH_SEARCH_PATHS = (
					"$(inherited)",
					"@executable_path/Frameworks",
				);
				MARKETING_VERSION = 1.0;
				PRODUCT_BUNDLE_IDENTIFIER = musihoven.MusihovenSumUpApp;
				PRODUCT_NAME = "$(TARGET_NAME)";
				SWIFT_EMIT_LOC_STRINGS = YES;
				SWIFT_VERSION = 5.0;
				TARGETED_DEVICE_FAMILY = "1,2";
			};
			name = Debug;
		};
		F6BC87072BEFE69500C8070D /* Release */ = {
			isa = XCBuildConfiguration;
			buildSettings = {
				ASSETCATALOG_COMPILER_APPICON_NAME = AppIcon;
				ASSETCATALOG_COMPILER_GLOBAL_ACCENT_COLOR_NAME = AccentColor;
				CODE_SIGN_STYLE = Automatic;
				CURRENT_PROJECT_VERSION = 1;
				DEVELOPMENT_TEAM = 783Q5D7Q7F;
				GENERATE_INFOPLIST_FILE = YES;
				INFOPLIST_FILE = MusihovenSumUpApp/Info.plist;
				INFOPLIST_KEY_UIApplicationSupportsIndirectInputEvents = YES;
				INFOPLIST_KEY_UILaunchStoryboardName = LaunchScreen;
				INFOPLIST_KEY_UIMainStoryboardFile = Main;
				INFOPLIST_KEY_UISupportedInterfaceOrientations_iPad = "UIInterfaceOrientationPortrait UIInterfaceOrientationPortraitUpsideDown UIInterfaceOrientationLandscapeLeft UIInterfaceOrientationLandscapeRight";
				INFOPLIST_KEY_UISupportedInterfaceOrientations_iPhone = "UIInterfaceOrientationPortrait UIInterfaceOrientationLandscapeLeft UIInterfaceOrientationLandscapeRight";
				LD_RUNPATH_SEARCH_PATHS = (
					"$(inherited)",
					"@executable_path/Frameworks",
				);
				MARKETING_VERSION = 1.0;
				PRODUCT_BUNDLE_IDENTIFIER = musihoven.MusihovenSumUpApp;
				PRODUCT_NAME = "$(TARGET_NAME)";
				SWIFT_EMIT_LOC_STRINGS = YES;
				SWIFT_VERSION = 5.0;
				TARGETED_DEVICE_FAMILY = "1,2";
			};
			name = Release;
		};
		F6BC87092BEFE69500C8070D /* Debug */ = {
			isa = XCBuildConfiguration;
			buildSettings = {
				ALWAYS_EMBED_SWIFT_STANDARD_LIBRARIES = YES;
				BUNDLE_LOADER = "$(TEST_HOST)";
				CODE_SIGN_STYLE = Automatic;
				CURRENT_PROJECT_VERSION = 1;
				DEVELOPMENT_TEAM = 783Q5D7Q7F;
				GENERATE_INFOPLIST_FILE = YES;
				IPHONEOS_DEPLOYMENT_TARGET = 17.4;
				MARKETING_VERSION = 1.0;
				PRODUCT_BUNDLE_IDENTIFIER = musihoven.MusihovenSumUpAppTests;
				PRODUCT_NAME = "$(TARGET_NAME)";
				SWIFT_EMIT_LOC_STRINGS = NO;
				SWIFT_VERSION = 5.0;
				TARGETED_DEVICE_FAMILY = "1,2";
				TEST_HOST = "$(BUILT_PRODUCTS_DIR)/MusihovenSumUpApp.app/$(BUNDLE_EXECUTABLE_FOLDER_PATH)/MusihovenSumUpApp";
			};
			name = Debug;
		};
		F6BC870A2BEFE69500C8070D /* Release */ = {
			isa = XCBuildConfiguration;
			buildSettings = {
				ALWAYS_EMBED_SWIFT_STANDARD_LIBRARIES = YES;
				BUNDLE_LOADER = "$(TEST_HOST)";
				CODE_SIGN_STYLE = Automatic;
				CURRENT_PROJECT_VERSION = 1;
				DEVELOPMENT_TEAM = 783Q5D7Q7F;
				GENERATE_INFOPLIST_FILE = YES;
				IPHONEOS_DEPLOYMENT_TARGET = 17.4;
				MARKETING_VERSION = 1.0;
				PRODUCT_BUNDLE_IDENTIFIER = musihoven.MusihovenSumUpAppTests;
				PRODUCT_NAME = "$(TARGET_NAME)";
				SWIFT_EMIT_LOC_STRINGS = NO;
				SWIFT_VERSION = 5.0;
				TARGETED_DEVICE_FAMILY = "1,2";
				TEST_HOST = "$(BUILT_PRODUCTS_DIR)/MusihovenSumUpApp.app/$(BUNDLE_EXECUTABLE_FOLDER_PATH)/MusihovenSumUpApp";
			};
			name = Release;
		};
		F6BC870C2BEFE69500C8070D /* Debug */ = {
			isa = XCBuildConfiguration;
			buildSettings = {
				ALWAYS_EMBED_SWIFT_STANDARD_LIBRARIES = YES;
				CODE_SIGN_STYLE = Automatic;
				CURRENT_PROJECT_VERSION = 1;
				DEVELOPMENT_TEAM = 783Q5D7Q7F;
				GENERATE_INFOPLIST_FILE = YES;
				MARKETING_VERSION = 1.0;
				PRODUCT_BUNDLE_IDENTIFIER = musihoven.MusihovenSumUpAppUITests;
				PRODUCT_NAME = "$(TARGET_NAME)";
				SWIFT_EMIT_LOC_STRINGS = NO;
				SWIFT_VERSION = 5.0;
				TARGETED_DEVICE_FAMILY = "1,2";
				TEST_TARGET_NAME = MusihovenSumUpApp;
			};
			name = Debug;
		};
		F6BC870D2BEFE69500C8070D /* Release */ = {
			isa = XCBuildConfiguration;
			buildSettings = {
				ALWAYS_EMBED_SWIFT_STANDARD_LIBRARIES = YES;
				CODE_SIGN_STYLE = Automatic;
				CURRENT_PROJECT_VERSION = 1;
				DEVELOPMENT_TEAM = 783Q5D7Q7F;
				GENERATE_INFOPLIST_FILE = YES;
				MARKETING_VERSION = 1.0;
				PRODUCT_BUNDLE_IDENTIFIER = musihoven.MusihovenSumUpAppUITests;
				PRODUCT_NAME = "$(TARGET_NAME)";
				SWIFT_EMIT_LOC_STRINGS = NO;
				SWIFT_VERSION = 5.0;
				TARGETED_DEVICE_FAMILY = "1,2";
				TEST_TARGET_NAME = MusihovenSumUpApp;
			};
			name = Release;
		};
/* End XCBuildConfiguration section */

/* Begin XCConfigurationList section */
		F6BC86D62BEFE69300C8070D /* Build configuration list for PBXProject "MusihovenSumUpApp" */ = {
			isa = XCConfigurationList;
			buildConfigurations = (
				F6BC87032BEFE69500C8070D /* Debug */,
				F6BC87042BEFE69500C8070D /* Release */,
			);
			defaultConfigurationIsVisible = 0;
			defaultConfigurationName = Release;
		};
		F6BC87052BEFE69500C8070D /* Build configuration list for PBXNativeTarget "MusihovenSumUpApp" */ = {
			isa = XCConfigurationList;
			buildConfigurations = (
				F6BC87062BEFE69500C8070D /* Debug */,
				F6BC87072BEFE69500C8070D /* Release */,
			);
			defaultConfigurationIsVisible = 0;
			defaultConfigurationName = Release;
		};
		F6BC87082BEFE69500C8070D /* Build configuration list for PBXNativeTarget "MusihovenSumUpAppTests" */ = {
			isa = XCConfigurationList;
			buildConfigurations = (
				F6BC87092BEFE69500C8070D /* Debug */,
				F6BC870A2BEFE69500C8070D /* Release */,
			);
			defaultConfigurationIsVisible = 0;
			defaultConfigurationName = Release;
		};
		F6BC870B2BEFE69500C8070D /* Build configuration list for PBXNativeTarget "MusihovenSumUpAppUITests" */ = {
			isa = XCConfigurationList;
			buildConfigurations = (
				F6BC870C2BEFE69500C8070D /* Debug */,
				F6BC870D2BEFE69500C8070D /* Release */,
			);
			defaultConfigurationIsVisible = 0;
			defaultConfigurationName = Release;
		};
/* End XCConfigurationList section */
	};
	rootObject = F6BC86D32BEFE69300C8070D /* Project object */;
}
